{
  "name": "smol-sd",
  "lockfileVersion": 2,
  "requires": true,
  "packages": {
    "": {
      "dependencies": {
        "onnxruntime-node": "^1.13.1"
      }
    },
    "node_modules/onnxruntime-common": {
      "version": "1.13.1",
      "resolved": "https://registry.npmjs.org/onnxruntime-common/-/onnxruntime-common-1.13.1.tgz",
      "integrity": "sha512-HtfNeuZ8p47avtZR2mGldXA728keJj46w/6yy5DQTLA9zmpjXF/iJdS8f9yAtyWbSGw3s95DfBPWw2myhA1r0A=="
    },
    "node_modules/onnxruntime-node": {
      "version": "1.13.1",
      "resolved": "https://registry.npmjs.org/onnxruntime-node/-/onnxruntime-node-1.13.1.tgz",
      "integrity": "sha512-HHwxs13dSCJX+iqr90p8WGlG54XTxNG6lKXhUC4xu4r95GFjLaA6JxNUjeuGQ6T6E06hCy61lZMdH5MTcBNLTA==",
      "os": [
        "win32",
        "darwin",
        "linux"
      ],
      "dependencies": {
        "onnxruntime-common": "~1.13.1"
      }
    }
  },
  "dependencies": {
    "onnxruntime-common": {
      "version": "1.13.1",
      "resolved": "https://registry.npmjs.org/onnxruntime-common/-/onnxruntime-common-1.13.1.tgz",
      "integrity": "sha512-HtfNeuZ8p47avtZR2mGldXA728keJj46w/6yy5DQTLA9zmpjXF/iJdS8f9yAtyWbSGw3s95DfBPWw2myhA1r0A=="
    },
    "onnxruntime-node": {
      "version": "1.13.1",
      "resolved": "https://registry.npmjs.org/onnxruntime-node/-/onnxruntime-node-1.13.1.tgz",
      "integrity": "sha512-HHwxs13dSCJX+iqr90p8WGlG54XTxNG6lKXhUC4xu4r95GFjLaA6JxNUjeuGQ6T6E06hCy61lZMdH5MTcBNLTA==",
      "requires": {
        "onnxruntime-common": "~1.13.1"
      }
    }
  }
}
